
Microsoft Visual Studio Solution File, Format Version 12.00
# Visual Studio Version 16
VisualStudioVersion = 16.0.30717.126
MinimumVisualStudioVersion = 10.0.40219.1
Project("{FAE04EC0-301F-11D3-BF4B-00C04F79EFBC}") = "LMS", "LMS\LMS.csproj", "{09191686-DFCC-4CD5-8EC2-8F806E603CD4}"
EndProject
Global
	GlobalSection(SolutionConfigurationPlatforms) = preSolution
		Debug|Any CPU = Debug|Any CPU
		Release|Any CPU = Release|Any CPU
	EndGlobalSection
	GlobalSection(ProjectConfigurationPlatforms) = postSolution
		{09191686-DFCC-4CD5-8EC2-8F806E603CD4}.Debug|Any CPU.ActiveCfg = Debug|Any CPU
		{09191686-DFCC-4CD5-8EC2-8F806E603CD4}.Debug|Any CPU.Build.0 = Debug|Any CPU
		{09191686-DFCC-4CD5-8EC2-8F806E603CD4}.Release|Any CPU.ActiveCfg = Release|Any CPU
		{09191686-DFCC-4CD5-8EC2-8F806E603CD4}.Release|Any CPU.Build.0 = Release|Any CPU
	EndGlobalSection
	GlobalSection(SolutionProperties) = preSolution
		HideSolutionNode = FALSE
	EndGlobalSection
	GlobalSection(ExtensibilityGlobals) = postSolution
		SolutionGuid = {354873A4-7C72-46CD-81E3-46C4CEDC8AD5}
	EndGlobalSection
EndGlobal
